
Microsoft Visual Studio Solution File, Format Version 12.00
# Visual Studio Version 16
VisualStudioVersion = 16.0.29009.5
MinimumVisualStudioVersion = 10.0.40219.1
Project("{FAE04EC0-301F-11D3-BF4B-00C04F79EFBC}") = "BookShelves.Android", "BookShelves\BookShelves.Android\BookShelves.Android.csproj", "{291DDED9-65FE-46AD-B123-1197E792E364}"
EndProject
Project("{FAE04EC0-301F-11D3-BF4B-00C04F79EFBC}") = "BookShelves.iOS", "BookShelves\BookShelves.iOS\BookShelves.iOS.csproj", "{019B15AD-E7F9-410C-A529-8A416ABD9C96}"
EndProject
Project("{FAE04EC0-301F-11D3-BF4B-00C04F79EFBC}") = "BookShelves", "BookShelves\BookShelves\BookShelves.csproj", "{D202E620-0D61-4375-9DDB-B1512D67C9C8}"
EndProject
Global
	GlobalSection(SolutionConfigurationPlatforms) = preSolution
		Debug|Any CPU = Debug|Any CPU
		Debug|iPhone = Debug|iPhone
		Debug|iPhoneSimulator = Debug|iPhoneSimulator
		Release|Any CPU = Release|Any CPU
		Release|iPhone = Release|iPhone
		Release|iPhoneSimulator = Release|iPhoneSimulator
	EndGlobalSection
	GlobalSection(ProjectConfigurationPlatforms) = postSolution
		{291DDED9-65FE-46AD-B123-1197E792E364}.Debug|Any CPU.ActiveCfg = Debug|Any CPU
		{291DDED9-65FE-46AD-B123-1197E792E364}.Debug|Any CPU.Build.0 = Debug|Any CPU
		{291DDED9-65FE-46AD-B123-1197E792E364}.Debug|Any CPU.Deploy.0 = Debug|Any CPU
		{291DDED9-65FE-46AD-B123-1197E792E364}.Debug|iPhone.ActiveCfg = Debug|Any CPU
		{291DDED9-65FE-46AD-B123-1197E792E364}.Debug|iPhone.Build.0 = Debug|Any CPU
		{291DDED9-65FE-46AD-B123-1197E792E364}.Debug|iPhone.Deploy.0 = Debug|Any CPU
		{291DDED9-65FE-46AD-B123-1197E792E364}.Debug|iPhoneSimulator.ActiveCfg = Debug|Any CPU
		{291DDED9-65FE-46AD-B123-1197E792E364}.Debug|iPhoneSimulator.Build.0 = Debug|Any CPU
		{291DDED9-65FE-46AD-B123-1197E792E364}.Debug|iPhoneSimulator.Deploy.0 = Debug|Any CPU
		{291DDED9-65FE-46AD-B123-1197E792E364}.Release|Any CPU.ActiveCfg = Release|Any CPU
		{291DDED9-65FE-46AD-B123-1197E792E364}.Release|Any CPU.Build.0 = Release|Any CPU
		{291DDED9-65FE-46AD-B123-1197E792E364}.Release|Any CPU.Deploy.0 = Release|Any CPU
		{291DDED9-65FE-46AD-B123-1197E792E364}.Release|iPhone.ActiveCfg = Release|Any CPU
		{291DDED9-65FE-46AD-B123-1197E792E364}.Release|iPhone.Build.0 = Release|Any CPU
		{291DDED9-65FE-46AD-B123-1197E792E364}.Release|iPhone.Deploy.0 = Release|Any CPU
		{291DDED9-65FE-46AD-B123-1197E792E364}.Release|iPhoneSimulator.ActiveCfg = Release|Any CPU
		{291DDED9-65FE-46AD-B123-1197E792E364}.Release|iPhoneSimulator.Build.0 = Release|Any CPU
		{291DDED9-65FE-46AD-B123-1197E792E364}.Release|iPhoneSimulator.Deploy.0 = Release|Any CPU
		{019B15AD-E7F9-410C-A529-8A416ABD9C96}.Debug|Any CPU.ActiveCfg = Debug|iPhoneSimulator
		{019B15AD-E7F9-410C-A529-8A416ABD9C96}.Debug|Any CPU.Build.0 = Debug|iPhoneSimulator
		{019B15AD-E7F9-410C-A529-8A416ABD9C96}.Debug|Any CPU.Deploy.0 = Debug|iPhoneSimulator
		{019B15AD-E7F9-410C-A529-8A416ABD9C96}.Debug|iPhone.ActiveCfg = Debug|iPhone
		{019B15AD-E7F9-410C-A529-8A416ABD9C96}.Debug|iPhone.Build.0 = Debug|iPhone
		{019B15AD-E7F9-410C-A529-8A416ABD9C96}.Debug|iPhone.Deploy.0 = Debug|iPhone
		{019B15AD-E7F9-410C-A529-8A416ABD9C96}.Debug|iPhoneSimulator.ActiveCfg = Debug|iPhoneSimulator
		{019B15AD-E7F9-410C-A529-8A416ABD9C96}.Debug|iPhoneSimulator.Build.0 = Debug|iPhoneSimulator
		{019B15AD-E7F9-410C-A529-8A416ABD9C96}.Debug|iPhoneSimulator.Deploy.0 = Debug|iPhoneSimulator
		{019B15AD-E7F9-410C-A529-8A416ABD9C96}.Release|Any CPU.ActiveCfg = Release|iPhone
		{019B15AD-E7F9-410C-A529-8A416ABD9C96}.Release|Any CPU.Build.0 = Release|iPhone
		{019B15AD-E7F9-410C-A529-8A416ABD9C96}.Release|Any CPU.Deploy.0 = Release|iPhone
		{019B15AD-E7F9-410C-A529-8A416ABD9C96}.Release|iPhone.ActiveCfg = Release|iPhone
		{019B15AD-E7F9-410C-A529-8A416ABD9C96}.Release|iPhone.Build.0 = Release|iPhone
		{019B15AD-E7F9-410C-A529-8A416ABD9C96}.Release|iPhone.Deploy.0 = Release|iPhone
		{019B15AD-E7F9-410C-A529-8A416ABD9C96}.Release|iPhoneSimulator.ActiveCfg = Release|iPhoneSimulator
		{019B15AD-E7F9-410C-A529-8A416ABD9C96}.Release|iPhoneSimulator.Build.0 = Release|iPhoneSimulator
		{019B15AD-E7F9-410C-A529-8A416ABD9C96}.Release|iPhoneSimulator.Deploy.0 = Release|iPhoneSimulator
		{D202E620-0D61-4375-9DDB-B1512D67C9C8}.Debug|Any CPU.ActiveCfg = Debug|Any CPU
		{D202E620-0D61-4375-9DDB-B1512D67C9C8}.Debug|Any CPU.Build.0 = Debug|Any CPU
		{D202E620-0D61-4375-9DDB-B1512D67C9C8}.Debug|Any CPU.Deploy.0 = Debug|Any CPU
		{D202E620-0D61-4375-9DDB-B1512D67C9C8}.Debug|iPhone.ActiveCfg = Debug|Any CPU
		{D202E620-0D61-4375-9DDB-B1512D67C9C8}.Debug|iPhone.Build.0 = Debug|Any CPU
		{D202E620-0D61-4375-9DDB-B1512D67C9C8}.Debug|iPhone.Deploy.0 = Debug|Any CPU
		{D202E620-0D61-4375-9DDB-B1512D67C9C8}.Debug|iPhoneSimulator.ActiveCfg = Debug|Any CPU
		{D202E620-0D61-4375-9DDB-B1512D67C9C8}.Debug|iPhoneSimulator.Build.0 = Debug|Any CPU
		{D202E620-0D61-4375-9DDB-B1512D67C9C8}.Debug|iPhoneSimulator.Deploy.0 = Debug|Any CPU
		{D202E620-0D61-4375-9DDB-B1512D67C9C8}.Release|Any CPU.ActiveCfg = Release|Any CPU
		{D202E620-0D61-4375-9DDB-B1512D67C9C8}.Release|Any CPU.Build.0 = Release|Any CPU
		{D202E620-0D61-4375-9DDB-B1512D67C9C8}.Release|Any CPU.Deploy.0 = Release|Any CPU
		{D202E620-0D61-4375-9DDB-B1512D67C9C8}.Release|iPhone.ActiveCfg = Release|Any CPU
		{D202E620-0D61-4375-9DDB-B1512D67C9C8}.Release|iPhone.Build.0 = Release|Any CPU
		{D202E620-0D61-4375-9DDB-B1512D67C9C8}.Release|iPhone.Deploy.0 = Release|Any CPU
		{D202E620-0D61-4375-9DDB-B1512D67C9C8}.Release|iPhoneSimulator.ActiveCfg = Release|Any CPU
		{D202E620-0D61-4375-9DDB-B1512D67C9C8}.Release|iPhoneSimulator.Build.0 = Release|Any CPU
		{D202E620-0D61-4375-9DDB-B1512D67C9C8}.Release|iPhoneSimulator.Deploy.0 = Release|Any CPU
	EndGlobalSection
	GlobalSection(SolutionProperties) = preSolution
		HideSolutionNode = FALSE
	EndGlobalSection
	GlobalSection(ExtensibilityGlobals) = postSolution
		SolutionGuid = {70CBD9E9-F9C8-4483-AF0B-510F413D6E70}
	EndGlobalSection
EndGlobal
